
Microsoft Visual Studio Solution File, Format Version 12.00
# Visual Studio Version 17
VisualStudioVersion = 17.6.33815.320
MinimumVisualStudioVersion = 10.0.40219.1
Project("{9A19103F-16F7-4668-BE54-9A1E7A4F7556}") = "PersonalBlogAPI", "PersonalBlogAPI\PersonalBlogAPI.csproj", "{EC4D2CFD-3D71-4FE7-B435-E34212C43EDD}"
EndProject
Project("{9A19103F-16F7-4668-BE54-9A1E7A4F7556}") = "PersonalBlogUI", "PersonalBlogUI\PersonalBlogUI.csproj", "{CCAAB450-EC44-4EE2-A561-96FCBB491C26}"
EndProject
Global
	GlobalSection(SolutionConfigurationPlatforms) = preSolution
		Debug|Any CPU = Debug|Any CPU
		Release|Any CPU = Release|Any CPU
	EndGlobalSection
	GlobalSection(ProjectConfigurationPlatforms) = postSolution
		{EC4D2CFD-3D71-4FE7-B435-E34212C43EDD}.Debug|Any CPU.ActiveCfg = Debug|Any CPU
		{EC4D2CFD-3D71-4FE7-B435-E34212C43EDD}.Debug|Any CPU.Build.0 = Debug|Any CPU
		{EC4D2CFD-3D71-4FE7-B435-E34212C43EDD}.Release|Any CPU.ActiveCfg = Release|Any CPU
		{EC4D2CFD-3D71-4FE7-B435-E34212C43EDD}.Release|Any CPU.Build.0 = Release|Any CPU
		{CCAAB450-EC44-4EE2-A561-96FCBB491C26}.Debug|Any CPU.ActiveCfg = Debug|Any CPU
		{CCAAB450-EC44-4EE2-A561-96FCBB491C26}.Debug|Any CPU.Build.0 = Debug|Any CPU
		{CCAAB450-EC44-4EE2-A561-96FCBB491C26}.Release|Any CPU.ActiveCfg = Release|Any CPU
		{CCAAB450-EC44-4EE2-A561-96FCBB491C26}.Release|Any CPU.Build.0 = Release|Any CPU
	EndGlobalSection
	GlobalSection(SolutionProperties) = preSolution
		HideSolutionNode = FALSE
	EndGlobalSection
	GlobalSection(ExtensibilityGlobals) = postSolution
		SolutionGuid = {DFA47C06-7526-4ADB-9998-DB730486F3E2}
	EndGlobalSection
EndGlobal
